
Microsoft Visual Studio Solution File, Format Version 12.00
Project("{FAE04EC0-301F-11D3-BF4B-00C04F79EFBC}") = "GdscRecruitment", "GdscRecruitment\GdscRecruitment.csproj", "{EC0A193B-38DF-430E-B50D-8EB045CADB13}"
EndProject
Project("{FAE04EC0-301F-11D3-BF4B-00C04F79EFBC}") = "GdscRecruitment.Tests", "GdscRecruitment.Tests\GdscRecruitment.Tests.csproj", "{EC2DD386-6969-4F02-A635-CA85CB5ECAF1}"
EndProject
Global
	GlobalSection(SolutionConfigurationPlatforms) = preSolution
		Debug|Any CPU = Debug|Any CPU
		Release|Any CPU = Release|Any CPU
	EndGlobalSection
	GlobalSection(ProjectConfigurationPlatforms) = postSolution
		{EC0A193B-38DF-430E-B50D-8EB045CADB13}.Debug|Any CPU.ActiveCfg = Debug|Any CPU
		{EC0A193B-38DF-430E-B50D-8EB045CADB13}.Debug|Any CPU.Build.0 = Debug|Any CPU
		{EC0A193B-38DF-430E-B50D-8EB045CADB13}.Release|Any CPU.ActiveCfg = Release|Any CPU
		{EC0A193B-38DF-430E-B50D-8EB045CADB13}.Release|Any CPU.Build.0 = Release|Any CPU
		{EC2DD386-6969-4F02-A635-CA85CB5ECAF1}.Debug|Any CPU.ActiveCfg = Debug|Any CPU
		{EC2DD386-6969-4F02-A635-CA85CB5ECAF1}.Debug|Any CPU.Build.0 = Debug|Any CPU
		{EC2DD386-6969-4F02-A635-CA85CB5ECAF1}.Release|Any CPU.ActiveCfg = Release|Any CPU
		{EC2DD386-6969-4F02-A635-CA85CB5ECAF1}.Release|Any CPU.Build.0 = Release|Any CPU
	EndGlobalSection
EndGlobal
